
Microsoft Visual Studio Solution File, Format Version 12.00
# Visual Studio Version 17
VisualStudioVersion = 17.9.34714.143
MinimumVisualStudioVersion = 10.0.40219.1
Project("{FAE04EC0-301F-11D3-BF4B-00C04F79EFBC}") = "RogueLikeGame", "RogueLikeGame.csproj", "{2331CEBF-6C26-4658-AF47-525522CF1282}"
EndProject
Global
	GlobalSection(SolutionConfigurationPlatforms) = preSolution
		Debug|Any CPU = Debug|Any CPU
		Release|Any CPU = Release|Any CPU
	EndGlobalSection
	GlobalSection(ProjectConfigurationPlatforms) = postSolution
		{2331CEBF-6C26-4658-AF47-525522CF1282}.Debug|Any CPU.ActiveCfg = Debug|Any CPU
		{2331CEBF-6C26-4658-AF47-525522CF1282}.Debug|Any CPU.Build.0 = Debug|Any CPU
		{2331CEBF-6C26-4658-AF47-525522CF1282}.Release|Any CPU.ActiveCfg = Release|Any CPU
		{2331CEBF-6C26-4658-AF47-525522CF1282}.Release|Any CPU.Build.0 = Release|Any CPU
	EndGlobalSection
	GlobalSection(SolutionProperties) = preSolution
		HideSolutionNode = FALSE
	EndGlobalSection
	GlobalSection(ExtensibilityGlobals) = postSolution
		SolutionGuid = {AAB8C30D-71AA-4540-978E-27B5E9ABE06C}
	EndGlobalSection
EndGlobal
